<?xml version="1.0" encoding="utf-8"?>
<Project ToolsVersion="17.0" xmlns="http://schemas.microsoft.com/developer/msbuild/2003">
  <ItemGroup>
    <CustomBuild Include="C:\Users\chris\source\repos\476\TestProject\TestProject\CMakeFiles\50f0e9b1ca3f9824fb6d42549ace4f41\generate.stamp.rule">
      <Filter>CMake Rules</Filter>
    </CustomBuild>
  </ItemGroup>
  <ItemGroup>
    <Filter Include="CMake Rules">
      <UniqueIdentifier>{3E16B87F-B0EB-3E38-BD4D-1BF8C908543B}</UniqueIdentifier>
    </Filter>
  </ItemGroup>
</Project>
